// !$*UTF8*$!
{
	archiveVersion = 1;
	classes = {
	};
	objectVersion = 50;
	objects = {

/* Begin PBXBuildFile section */
		11CC9A172626061D005F870B /* TableViewCell.swift in Sources */ = {isa = PBXBuildFile; fileRef = 11CC9A162626061D005F870B /* TableViewCell.swift */; };
		11D070FD2626DCB4006C0022 /* CollectionViewController.swift in Sources */ = {isa = PBXBuildFile; fileRef = 11D070FC2626DCB4006C0022 /* CollectionViewController.swift */; };
		11D071002626DD05006C0022 /* CollectionViewCell.swift in Sources */ = {isa = PBXBuildFile; fileRef = 11D070FF2626DD05006C0022 /* CollectionViewCell.swift */; };
		11E0720326259D5E007B3EF3 /* AppDelegate.swift in Sources */ = {isa = PBXBuildFile; fileRef = 11E0720226259D5E007B3EF3 /* AppDelegate.swift */; };
		11E0720526259D5E007B3EF3 /* SceneDelegate.swift in Sources */ = {isa = PBXBuildFile; fileRef = 11E0720426259D5E007B3EF3 /* SceneDelegate.swift */; };
		11E0720726259D5E007B3EF3 /* ViewController.swift in Sources */ = {isa = PBXBuildFile; fileRef = 11E0720626259D5E007B3EF3 /* ViewController.swift */; };
		11E0720A26259D5E007B3EF3 /* Main.storyboard in Resources */ = {isa = PBXBuildFile; fileRef = 11E0720826259D5E007B3EF3 /* Main.storyboard */; };
		11E0720C26259D64007B3EF3 /* Assets.xcassets in Resources */ = {isa = PBXBuildFile; fileRef = 11E0720B26259D64007B3EF3 /* Assets.xcassets */; };
		11E0720F26259D64007B3EF3 /* LaunchScreen.storyboard in Resources */ = {isa = PBXBuildFile; fileRef = 11E0720D26259D64007B3EF3 /* LaunchScreen.storyboard */; };
		11E072182625A105007B3EF3 /* TableViewController.swift in Sources */ = {isa = PBXBuildFile; fileRef = 11E072172625A105007B3EF3 /* TableViewController.swift */; };
		11E0721B2625A1A2007B3EF3 /* NetworkManager.swift in Sources */ = {isa = PBXBuildFile; fileRef = 11E0721A2625A1A2007B3EF3 /* NetworkManager.swift */; };
		11E0721E2625A1F1007B3EF3 /* SearchResponse.swift in Sources */ = {isa = PBXBuildFile; fileRef = 11E0721D2625A1F1007B3EF3 /* SearchResponse.swift */; };
		11E072212625A353007B3EF3 /* CheckWiFi.swift in Sources */ = {isa = PBXBuildFile; fileRef = 11E072202625A353007B3EF3 /* CheckWiFi.swift */; };
		11E072242625A935007B3EF3 /* ExtensionAlertController.swift in Sources */ = {isa = PBXBuildFile; fileRef = 11E072232625A935007B3EF3 /* ExtensionAlertController.swift */; };
/* End PBXBuildFile section */

/* Begin PBXFileReference section */
		11CC9A162626061D005F870B /* TableViewCell.swift */ = {isa = PBXFileReference; lastKnownFileType = sourcecode.swift; path = TableViewCell.swift; sourceTree = "<group>"; };
		11D070FC2626DCB4006C0022 /* CollectionViewController.swift */ = {isa = PBXFileReference; lastKnownFileType = sourcecode.swift; path = CollectionViewController.swift; sourceTree = "<group>"; };
		11D070FF2626DD05006C0022 /* CollectionViewCell.swift */ = {isa = PBXFileReference; lastKnownFileType = sourcecode.swift; path = CollectionViewCell.swift; sourceTree = "<group>"; };
		11E071FF26259D5E007B3EF3 /* TopMovies.app */ = {isa = PBXFileReference; explicitFileType = wrapper.application; includeInIndex = 0; path = TopMovies.app; sourceTree = BUILT_PRODUCTS_DIR; };
		11E0720226259D5E007B3EF3 /* AppDelegate.swift */ = {isa = PBXFileReference; lastKnownFileType = sourcecode.swift; path = AppDelegate.swift; sourceTree = "<group>"; };
		11E0720426259D5E007B3EF3 /* SceneDelegate.swift */ = {isa = PBXFileReference; lastKnownFileType = sourcecode.swift; path = SceneDelegate.swift; sourceTree = "<group>"; };
		11E0720626259D5E007B3EF3 /* ViewController.swift */ = {isa = PBXFileReference; lastKnownFileType = sourcecode.swift; path = ViewController.swift; sourceTree = "<group>"; };
		11E0720926259D5E007B3EF3 /* Base */ = {isa = PBXFileReference; lastKnownFileType = file.storyboard; name = Base; path = Base.lproj/Main.storyboard; sourceTree = "<group>"; };
		11E0720B26259D64007B3EF3 /* Assets.xcassets */ = {isa = PBXFileReference; lastKnownFileType = folder.assetcatalog; path = Assets.xcassets; sourceTree = "<group>"; };
		11E0720E26259D64007B3EF3 /* Base */ = {isa = PBXFileReference; lastKnownFileType = file.storyboard; name = Base; path = Base.lproj/LaunchScreen.storyboard; sourceTree = "<group>"; };
		11E0721026259D64007B3EF3 /* Info.plist */ = {isa = PBXFileReference; lastKnownFileType = text.plist.xml; path = Info.plist; sourceTree = "<group>"; };
		11E072172625A105007B3EF3 /* TableViewController.swift */ = {isa = PBXFileReference; lastKnownFileType = sourcecode.swift; path = TableViewController.swift; sourceTree = "<group>"; };
		11E0721A2625A1A2007B3EF3 /* NetworkManager.swift */ = {isa = PBXFileReference; lastKnownFileType = sourcecode.swift; path = NetworkManager.swift; sourceTree = "<group>"; };
		11E0721D2625A1F1007B3EF3 /* SearchResponse.swift */ = {isa = PBXFileReference; lastKnownFileType = sourcecode.swift; path = SearchResponse.swift; sourceTree = "<group>"; };
		11E072202625A353007B3EF3 /* CheckWiFi.swift */ = {isa = PBXFileReference; lastKnownFileType = sourcecode.swift; path = CheckWiFi.swift; sourceTree = "<group>"; };
		11E072232625A935007B3EF3 /* ExtensionAlertController.swift */ = {isa = PBXFileReference; lastKnownFileType = sourcecode.swift; path = ExtensionAlertController.swift; sourceTree = "<group>"; };
/* End PBXFileReference section */

/* Begin PBXFrameworksBuildPhase section */
		11E071FC26259D5E007B3EF3 /* Frameworks */ = {
			isa = PBXFrameworksBuildPhase;
			buildActionMask = 2147483647;
			files = (
			);
			runOnlyForDeploymentPostprocessing = 0;
		};
/* End PBXFrameworksBuildPhase section */

/* Begin PBXGroup section */
		11D0710426276A79006C0022 /* Storyboards */ = {
			isa = PBXGroup;
			children = (
				11E0720826259D5E007B3EF3 /* Main.storyboard */,
				11E0720D26259D64007B3EF3 /* LaunchScreen.storyboard */,
			);
			path = Storyboards;
			sourceTree = "<group>";
		};
		11D0710526276A8D006C0022 /* View */ = {
			isa = PBXGroup;
			children = (
				11D070FF2626DD05006C0022 /* CollectionViewCell.swift */,
				11CC9A162626061D005F870B /* TableViewCell.swift */,
			);
			path = View;
			sourceTree = "<group>";
		};
		11D0710626276AA4006C0022 /* ViewController */ = {
			isa = PBXGroup;
			children = (
				11E0720626259D5E007B3EF3 /* ViewController.swift */,
				11D070FC2626DCB4006C0022 /* CollectionViewController.swift */,
				11E072172625A105007B3EF3 /* TableViewController.swift */,
			);
			path = ViewController;
			sourceTree = "<group>";
		};
		11D0710726276AC0006C0022 /* Managers */ = {
			isa = PBXGroup;
			children = (
				11E0721A2625A1A2007B3EF3 /* NetworkManager.swift */,
			);
			path = Managers;
			sourceTree = "<group>";
		};
		11D0710826276AD4006C0022 /* SupportingFiles */ = {
			isa = PBXGroup;
			children = (
				11E072232625A935007B3EF3 /* ExtensionAlertController.swift */,
				11E072202625A353007B3EF3 /* CheckWiFi.swift */,
				11E0720226259D5E007B3EF3 /* AppDelegate.swift */,
				11E0720426259D5E007B3EF3 /* SceneDelegate.swift */,
				11E0721026259D64007B3EF3 /* Info.plist */,
			);
			path = SupportingFiles;
			sourceTree = "<group>";
		};
		11D0710926276AE9006C0022 /* Sources */ = {
			isa = PBXGroup;
			children = (
				11E0720B26259D64007B3EF3 /* Assets.xcassets */,
			);
			path = Sources;
			sourceTree = "<group>";
		};
		11D0710A26276AF5006C0022 /* Models */ = {
			isa = PBXGroup;
			children = (
				11E0721D2625A1F1007B3EF3 /* SearchResponse.swift */,
			);
			path = Models;
			sourceTree = "<group>";
		};
		11E071F626259D5E007B3EF3 = {
			isa = PBXGroup;
			children = (
				11E0720126259D5E007B3EF3 /* TopMovies */,
				11E0720026259D5E007B3EF3 /* Products */,
			);
			sourceTree = "<group>";
		};
		11E0720026259D5E007B3EF3 /* Products */ = {
			isa = PBXGroup;
			children = (
				11E071FF26259D5E007B3EF3 /* TopMovies.app */,
			);
			name = Products;
			sourceTree = "<group>";
		};
		11E0720126259D5E007B3EF3 /* TopMovies */ = {
			isa = PBXGroup;
			children = (
				11D0710426276A79006C0022 /* Storyboards */,
				11D0710526276A8D006C0022 /* View */,
				11D0710626276AA4006C0022 /* ViewController */,
				11D0710726276AC0006C0022 /* Managers */,
				11D0710A26276AF5006C0022 /* Models */,
				11D0710926276AE9006C0022 /* Sources */,
				11D0710826276AD4006C0022 /* SupportingFiles */,
			);
			path = TopMovies;
			sourceTree = "<group>";
		};
/* End PBXGroup section */

/* Begin PBXNativeTarget section */
		11E071FE26259D5E007B3EF3 /* TopMovies */ = {
			isa = PBXNativeTarget;
			buildConfigurationList = 11E0721326259D64007B3EF3 /* Build configuration list for PBXNativeTarget "TopMovies" */;
			buildPhases = (
				11E071FB26259D5E007B3EF3 /* Sources */,
				11E071FC26259D5E007B3EF3 /* Frameworks */,
				11E071FD26259D5E007B3EF3 /* Resources */,
			);
			buildRules = (
			);
			dependencies = (
			);
			name = TopMovies;
			productName = TopMovies;
			productReference = 11E071FF26259D5E007B3EF3 /* TopMovies.app */;
			productType = "com.apple.product-type.application";
		};
/* End PBXNativeTarget section */

/* Begin PBXProject section */
		11E071F726259D5E007B3EF3 /* Project object */ = {
			isa = PBXProject;
			attributes = {
				LastSwiftUpdateCheck = 1240;
				LastUpgradeCheck = 1240;
				TargetAttributes = {
					11E071FE26259D5E007B3EF3 = {
						CreatedOnToolsVersion = 12.4;
					};
				};
			};
			buildConfigurationList = 11E071FA26259D5E007B3EF3 /* Build configuration list for PBXProject "TopMovies" */;
			compatibilityVersion = "Xcode 9.3";
			developmentRegion = en;
			hasScannedForEncodings = 0;
			knownRegions = (
				en,
				Base,
			);
			mainGroup = 11E071F626259D5E007B3EF3;
			productRefGroup = 11E0720026259D5E007B3EF3 /* Products */;
			projectDirPath = "";
			projectRoot = "";
			targets = (
				11E071FE26259D5E007B3EF3 /* TopMovies */,
			);
		};
/* End PBXProject section */

/* Begin PBXResourcesBuildPhase section */
		11E071FD26259D5E007B3EF3 /* Resources */ = {
			isa = PBXResourcesBuildPhase;
			buildActionMask = 2147483647;
			files = (
				11E0720F26259D64007B3EF3 /* LaunchScreen.storyboard in Resources */,
				11E0720C26259D64007B3EF3 /* Assets.xcassets in Resources */,
				11E0720A26259D5E007B3EF3 /* Main.storyboard in Resources */,
			);
			runOnlyForDeploymentPostprocessing = 0;
		};
/* End PBXResourcesBuildPhase section */

/* Begin PBXSourcesBuildPhase section */
		11E071FB26259D5E007B3EF3 /* Sources */ = {
			isa = PBXSourcesBuildPhase;
			buildActionMask = 2147483647;
			files = (
				11E0720726259D5E007B3EF3 /* ViewController.swift in Sources */,
				11E072212625A353007B3EF3 /* CheckWiFi.swift in Sources */,
				11E0720326259D5E007B3EF3 /* AppDelegate.swift in Sources */,
				11CC9A172626061D005F870B /* TableViewCell.swift in Sources */,
				11D070FD2626DCB4006C0022 /* CollectionViewController.swift in Sources */,
				11E0721E2625A1F1007B3EF3 /* SearchResponse.swift in Sources */,
				11E0721B2625A1A2007B3EF3 /* NetworkManager.swift in Sources */,
				11E0720526259D5E007B3EF3 /* SceneDelegate.swift in Sources */,
				11E072242625A935007B3EF3 /* ExtensionAlertController.swift in Sources */,
				11E072182625A105007B3EF3 /* TableViewController.swift in Sources */,
				11D071002626DD05006C0022 /* CollectionViewCell.swift in Sources */,
			);
			runOnlyForDeploymentPostprocessing = 0;
		};
/* End PBXSourcesBuildPhase section */

/* Begin PBXVariantGroup section */
		11E0720826259D5E007B3EF3 /* Main.storyboard */ = {
			isa = PBXVariantGroup;
			children = (
				11E0720926259D5E007B3EF3 /* Base */,
			);
			name = Main.storyboard;
			sourceTree = "<group>";
		};
		11E0720D26259D64007B3EF3 /* LaunchScreen.storyboard */ = {
			isa = PBXVariantGroup;
			children = (
				11E0720E26259D64007B3EF3 /* Base */,
			);
			name = LaunchScreen.storyboard;
			sourceTree = "<group>";
		};
/* End PBXVariantGroup section */

/* Begin XCBuildConfiguration section */
		11E0721126259D64007B3EF3 /* Debug */ = {
			isa = XCBuildConfiguration;
			buildSettings = {
				ALWAYS_SEARCH_USER_PATHS = NO;
				CLANG_ANALYZER_NONNULL = YES;
				CLANG_ANALYZER_NUMBER_OBJECT_CONVERSION = YES_AGGRESSIVE;
				CLANG_CXX_LANGUAGE_STANDARD = "gnu++14";
				CLANG_CXX_LIBRARY = "libc++";
				CLANG_ENABLE_MODULES = YES;
				CLANG_ENABLE_OBJC_ARC = YES;
				CLANG_ENABLE_OBJC_WEAK = YES;
				CLANG_WARN_BLOCK_CAPTURE_AUTORELEASING = YES;
				CLANG_WARN_BOOL_CONVERSION = YES;
				CLANG_WARN_COMMA = YES;
				CLANG_WARN_CONSTANT_CONVERSION = YES;
				CLANG_WARN_DEPRECATED_OBJC_IMPLEMENTATIONS = YES;
				CLANG_WARN_DIRECT_OBJC_ISA_USAGE = YES_ERROR;
				CLANG_WARN_DOCUMENTATION_COMMENTS = YES;
				CLANG_WARN_EMPTY_BODY = YES;
				CLANG_WARN_ENUM_CONVERSION = YES;
				CLANG_WARN_INFINITE_RECURSION = YES;
				CLANG_WARN_INT_CONVERSION = YES;
				CLANG_WARN_NON_LITERAL_NULL_CONVERSION = YES;
				CLANG_WARN_OBJC_IMPLICIT_RETAIN_SELF = YES;
				CLANG_WARN_OBJC_LITERAL_CONVERSION = YES;
				CLANG_WARN_OBJC_ROOT_CLASS = YES_ERROR;
				CLANG_WARN_QUOTED_INCLUDE_IN_FRAMEWORK_HEADER = YES;
				CLANG_WARN_RANGE_LOOP_ANALYSIS = YES;
				CLANG_WARN_STRICT_PROTOTYPES = YES;
				CLANG_WARN_SUSPICIOUS_MOVE = YES;
				CLANG_WARN_UNGUARDED_AVAILABILITY = YES_AGGRESSIVE;
				CLANG_WARN_UNREACHABLE_CODE = YES;
				CLANG_WARN__DUPLICATE_METHOD_MATCH = YES;
				COPY_PHASE_STRIP = NO;
				DEBUG_INFORMATION_FORMAT = dwarf;
				ENABLE_STRICT_OBJC_MSGSEND = YES;
				ENABLE_TESTABILITY = YES;
				GCC_C_LANGUAGE_STANDARD = gnu11;
				GCC_DYNAMIC_NO_PIC = NO;
				GCC_NO_COMMON_BLOCKS = YES;
				GCC_OPTIMIZATION_LEVEL = 0;
				GCC_PREPROCESSOR_DEFINITIONS = (
					"DEBUG=1",
					"$(inherited)",
				);
				GCC_WARN_64_TO_32_BIT_CONVERSION = YES;
				GCC_WARN_ABOUT_RETURN_TYPE = YES_ERROR;
				GCC_WARN_UNDECLARED_SELECTOR = YES;
				GCC_WARN_UNINITIALIZED_AUTOS = YES_AGGRESSIVE;
				GCC_WARN_UNUSED_FUNCTION = YES;
				GCC_WARN_UNUSED_VARIABLE = YES;
				IPHONEOS_DEPLOYMENT_TARGET = 14.4;
				MTL_ENABLE_DEBUG_INFO = INCLUDE_SOURCE;
				MTL_FAST_MATH = YES;
				ONLY_ACTIVE_ARCH = YES;
				SDKROOT = iphoneos;
				SWIFT_ACTIVE_COMPILATION_CONDITIONS = DEBUG;
				SWIFT_OPTIMIZATION_LEVEL = "-Onone";
			};
			name = Debug;
		};
		11E0721226259D64007B3EF3 /* Release */ = {
			isa = XCBuildConfiguration;
			buildSettings = {
				ALWAYS_SEARCH_USER_PATHS = NO;
				CLANG_ANALYZER_NONNULL = YES;
				CLANG_ANALYZER_NUMBER_OBJECT_CONVERSION = YES_AGGRESSIVE;
				CLANG_CXX_LANGUAGE_STANDARD = "gnu++14";
				CLANG_CXX_LIBRARY = "libc++";
				CLANG_ENABLE_MODULES = YES;
				CLANG_ENABLE_OBJC_ARC = YES;
				CLANG_ENABLE_OBJC_WEAK = YES;
				CLANG_WARN_BLOCK_CAPTURE_AUTORELEASING = YES;
				CLANG_WARN_BOOL_CONVERSION = YES;
				CLANG_WARN_COMMA = YES;
				CLANG_WARN_CONSTANT_CONVERSION = YES;
				CLANG_WARN_DEPRECATED_OBJC_IMPLEMENTATIONS = YES;
				CLANG_WARN_DIRECT_OBJC_ISA_USAGE = YES_ERROR;
				CLANG_WARN_DOCUMENTATION_COMMENTS = YES;
				CLANG_WARN_EMPTY_BODY = YES;
				CLANG_WARN_ENUM_CONVERSION = YES;
				CLANG_WARN_INFINITE_RECURSION = YES;
				CLANG_WARN_INT_CONVERSION = YES;
				CLANG_WARN_NON_LITERAL_NULL_CONVERSION = YES;
				CLANG_WARN_OBJC_IMPLICIT_RETAIN_SELF = YES;
				CLANG_WARN_OBJC_LITERAL_CONVERSION = YES;
				CLANG_WARN_OBJC_ROOT_CLASS = YES_ERROR;
				CLANG_WARN_QUOTED_INCLUDE_IN_FRAMEWORK_HEADER = YES;
				CLANG_WARN_RANGE_LOOP_ANALYSIS = YES;
				CLANG_WARN_STRICT_PROTOTYPES = YES;
				CLANG_WARN_SUSPICIOUS_MOVE = YES;
				CLANG_WARN_UNGUARDED_AVAILABILITY = YES_AGGRESSIVE;
				CLANG_WARN_UNREACHABLE_CODE = YES;
				CLANG_WARN__DUPLICATE_METHOD_MATCH = YES;
				COPY_PHASE_STRIP = NO;
				DEBUG_INFORMATION_FORMAT = "dwarf-with-dsym";
				ENABLE_NS_ASSERTIONS = NO;
				ENABLE_STRICT_OBJC_MSGSEND = YES;
				GCC_C_LANGUAGE_STANDARD = gnu11;
				GCC_NO_COMMON_BLOCKS = YES;
				GCC_WARN_64_TO_32_BIT_CONVERSION = YES;
				GCC_WARN_ABOUT_RETURN_TYPE = YES_ERROR;
				GCC_WARN_UNDECLARED_SELECTOR = YES;
				GCC_WARN_UNINITIALIZED_AUTOS = YES_AGGRESSIVE;
				GCC_WARN_UNUSED_FUNCTION = YES;
				GCC_WARN_UNUSED_VARIABLE = YES;
				IPHONEOS_DEPLOYMENT_TARGET = 14.4;
				MTL_ENABLE_DEBUG_INFO = NO;
				MTL_FAST_MATH = YES;
				SDKROOT = iphoneos;
				SWIFT_COMPILATION_MODE = wholemodule;
				SWIFT_OPTIMIZATION_LEVEL = "-O";
				VALIDATE_PRODUCT = YES;
			};
			name = Release;
		};
		11E0721426259D64007B3EF3 /* Debug */ = {
			isa = XCBuildConfiguration;
			buildSettings = {
				ASSETCATALOG_COMPILER_APPICON_NAME = AppIcon;
				ASSETCATALOG_COMPILER_GLOBAL_ACCENT_COLOR_NAME = AccentColor;
				CODE_SIGN_STYLE = Automatic;
				DEVELOPMENT_TEAM = 95ZUNS462R;
				INFOPLIST_FILE = TopMovies/SupportingFiles/Info.plist;
				LD_RUNPATH_SEARCH_PATHS = (
					"$(inherited)",
					"@executable_path/Frameworks",
				);
				PRODUCT_BUNDLE_IDENTIFIER = Nikita.TopMovies;
				PRODUCT_NAME = "$(TARGET_NAME)";
				SWIFT_VERSION = 5.0;
				TARGETED_DEVICE_FAMILY = "1,2";
			};
			name = Debug;
		};
		11E0721526259D64007B3EF3 /* Release */ = {
			isa = XCBuildConfiguration;
			buildSettings = {
				ASSETCATALOG_COMPILER_APPICON_NAME = AppIcon;
				ASSETCATALOG_COMPILER_GLOBAL_ACCENT_COLOR_NAME = AccentColor;
				CODE_SIGN_STYLE = Automatic;
				DEVELOPMENT_TEAM = 95ZUNS462R;
				INFOPLIST_FILE = TopMovies/SupportingFiles/Info.plist;
				LD_RUNPATH_SEARCH_PATHS = (
					"$(inherited)",
					"@executable_path/Frameworks",
				);
				PRODUCT_BUNDLE_IDENTIFIER = Nikita.TopMovies;
				PRODUCT_NAME = "$(TARGET_NAME)";
				SWIFT_VERSION = 5.0;
				TARGETED_DEVICE_FAMILY = "1,2";
			};
			name = Release;
		};
/* End XCBuildConfiguration section */

/* Begin XCConfigurationList section */
		11E071FA26259D5E007B3EF3 /* Build configuration list for PBXProject "TopMovies" */ = {
			isa = XCConfigurationList;
			buildConfigurations = (
				11E0721126259D64007B3EF3 /* Debug */,
				11E0721226259D64007B3EF3 /* Release */,
			);
			defaultConfigurationIsVisible = 0;
			defaultConfigurationName = Release;
		};
		11E0721326259D64007B3EF3 /* Build configuration list for PBXNativeTarget "TopMovies" */ = {
			isa = XCConfigurationList;
			buildConfigurations = (
				11E0721426259D64007B3EF3 /* Debug */,
				11E0721526259D64007B3EF3 /* Release */,
			);
			defaultConfigurationIsVisible = 0;
			defaultConfigurationName = Release;
		};
/* End XCConfigurationList section */
	};
	rootObject = 11E071F726259D5E007B3EF3 /* Project object */;
}
